# This file is autogenerated, do not edit; changes may be undone by the next 'dep ensure'.


[[projects]]
  branch = "master"
  name = "github.com/ovh/go-ovh"
  packages = ["ovh"]
  revision = "4b1fea467323b74c5f462f0947f402b428ca0626"

[[projects]]
  name = "gopkg.in/ini.v1"
  packages = ["."]
  revision = "32e4c1e6bc4e7d0d8451aa6b75200d19e37a536a"
  version = "v1.32.0"

[solve-meta]
  analyzer-name = "dep"
  analyzer-version = 1
  inputs-digest = "bc830984913e0dafa84e4b1aaa3a1e738fb97a4ec6704e807da6d7f166a2f19c"
  solver-name = "gps-cdcl"
  solver-version = 1
